// !$*UTF8*$!
{
	archiveVersion = 1;
	classes = {
	};
	objectVersion = 50;
	objects = {

/* Begin PBXBuildFile section */
		38B1ACE024B94E9500822DE7 /* AppDelegate.swift in Sources */ = {isa = PBXBuildFile; fileRef = 38B1ACDF24B94E9500822DE7 /* AppDelegate.swift */; };
		38B1ACE224B94E9500822DE7 /* SceneDelegate.swift in Sources */ = {isa = PBXBuildFile; fileRef = 38B1ACE124B94E9500822DE7 /* SceneDelegate.swift */; };
		38B1ACE424B94E9500822DE7 /* ViewController.swift in Sources */ = {isa = PBXBuildFile; fileRef = 38B1ACE324B94E9500822DE7 /* ViewController.swift */; };
		38B1ACE724B94E9500822DE7 /* Main.storyboard in Resources */ = {isa = PBXBuildFile; fileRef = 38B1ACE524B94E9500822DE7 /* Main.storyboard */; };
		38B1ACE924B94E9800822DE7 /* Assets.xcassets in Resources */ = {isa = PBXBuildFile; fileRef = 38B1ACE824B94E9800822DE7 /* Assets.xcassets */; };
		38B1ACEC24B94E9800822DE7 /* LaunchScreen.storyboard in Resources */ = {isa = PBXBuildFile; fileRef = 38B1ACEA24B94E9800822DE7 /* LaunchScreen.storyboard */; };
		38B1ACF724B94E9800822DE7 /* UdderTests.swift in Sources */ = {isa = PBXBuildFile; fileRef = 38B1ACF624B94E9800822DE7 /* UdderTests.swift */; };
		38B1AD0224B94E9800822DE7 /* UdderUITests.swift in Sources */ = {isa = PBXBuildFile; fileRef = 38B1AD0124B94E9800822DE7 /* UdderUITests.swift */; };
/* End PBXBuildFile section */

/* Begin PBXContainerItemProxy section */
		38B1ACF324B94E9800822DE7 /* PBXContainerItemProxy */ = {
			isa = PBXContainerItemProxy;
			containerPortal = 38B1ACD424B94E9500822DE7 /* Project object */;
			proxyType = 1;
			remoteGlobalIDString = 38B1ACDB24B94E9500822DE7;
			remoteInfo = Udder;
		};
		38B1ACFE24B94E9800822DE7 /* PBXContainerItemProxy */ = {
			isa = PBXContainerItemProxy;
			containerPortal = 38B1ACD424B94E9500822DE7 /* Project object */;
			proxyType = 1;
			remoteGlobalIDString = 38B1ACDB24B94E9500822DE7;
			remoteInfo = Udder;
		};
/* End PBXContainerItemProxy section */

/* Begin PBXFileReference section */
		38B1ACDC24B94E9500822DE7 /* Udder.app */ = {isa = PBXFileReference; explicitFileType = wrapper.application; includeInIndex = 0; path = Udder.app; sourceTree = BUILT_PRODUCTS_DIR; };
		38B1ACDF24B94E9500822DE7 /* AppDelegate.swift */ = {isa = PBXFileReference; lastKnownFileType = sourcecode.swift; path = AppDelegate.swift; sourceTree = "<group>"; };
		38B1ACE124B94E9500822DE7 /* SceneDelegate.swift */ = {isa = PBXFileReference; lastKnownFileType = sourcecode.swift; path = SceneDelegate.swift; sourceTree = "<group>"; };
		38B1ACE324B94E9500822DE7 /* ViewController.swift */ = {isa = PBXFileReference; lastKnownFileType = sourcecode.swift; path = ViewController.swift; sourceTree = "<group>"; };
		38B1ACE624B94E9500822DE7 /* Base */ = {isa = PBXFileReference; lastKnownFileType = file.storyboard; name = Base; path = Base.lproj/Main.storyboard; sourceTree = "<group>"; };
		38B1ACE824B94E9800822DE7 /* Assets.xcassets */ = {isa = PBXFileReference; lastKnownFileType = folder.assetcatalog; path = Assets.xcassets; sourceTree = "<group>"; };
		38B1ACEB24B94E9800822DE7 /* Base */ = {isa = PBXFileReference; lastKnownFileType = file.storyboard; name = Base; path = Base.lproj/LaunchScreen.storyboard; sourceTree = "<group>"; };
		38B1ACED24B94E9800822DE7 /* Info.plist */ = {isa = PBXFileReference; lastKnownFileType = text.plist.xml; path = Info.plist; sourceTree = "<group>"; };
		38B1ACF224B94E9800822DE7 /* UdderTests.xctest */ = {isa = PBXFileReference; explicitFileType = wrapper.cfbundle; includeInIndex = 0; path = UdderTests.xctest; sourceTree = BUILT_PRODUCTS_DIR; };
		38B1ACF624B94E9800822DE7 /* UdderTests.swift */ = {isa = PBXFileReference; lastKnownFileType = sourcecode.swift; path = UdderTests.swift; sourceTree = "<group>"; };
		38B1ACF824B94E9800822DE7 /* Info.plist */ = {isa = PBXFileReference; lastKnownFileType = text.plist.xml; path = Info.plist; sourceTree = "<group>"; };
		38B1ACFD24B94E9800822DE7 /* UdderUITests.xctest */ = {isa = PBXFileReference; explicitFileType = wrapper.cfbundle; includeInIndex = 0; path = UdderUITests.xctest; sourceTree = BUILT_PRODUCTS_DIR; };
		38B1AD0124B94E9800822DE7 /* UdderUITests.swift */ = {isa = PBXFileReference; lastKnownFileType = sourcecode.swift; path = UdderUITests.swift; sourceTree = "<group>"; };
		38B1AD0324B94E9800822DE7 /* Info.plist */ = {isa = PBXFileReference; lastKnownFileType = text.plist.xml; path = Info.plist; sourceTree = "<group>"; };
/* End PBXFileReference section */

/* Begin PBXFrameworksBuildPhase section */
		38B1ACD924B94E9500822DE7 /* Frameworks */ = {
			isa = PBXFrameworksBuildPhase;
			buildActionMask = 2147483647;
			files = (
			);
			runOnlyForDeploymentPostprocessing = 0;
		};
		38B1ACEF24B94E9800822DE7 /* Frameworks */ = {
			isa = PBXFrameworksBuildPhase;
			buildActionMask = 2147483647;
			files = (
			);
			runOnlyForDeploymentPostprocessing = 0;
		};
		38B1ACFA24B94E9800822DE7 /* Frameworks */ = {
			isa = PBXFrameworksBuildPhase;
			buildActionMask = 2147483647;
			files = (
			);
			runOnlyForDeploymentPostprocessing = 0;
		};
/* End PBXFrameworksBuildPhase section */

/* Begin PBXGroup section */
		38B1ACD324B94E9500822DE7 = {
			isa = PBXGroup;
			children = (
				38B1ACDE24B94E9500822DE7 /* Udder */,
				38B1ACF524B94E9800822DE7 /* UdderTests */,
				38B1AD0024B94E9800822DE7 /* UdderUITests */,
				38B1ACDD24B94E9500822DE7 /* Products */,
			);
			sourceTree = "<group>";
		};
		38B1ACDD24B94E9500822DE7 /* Products */ = {
			isa = PBXGroup;
			children = (
				38B1ACDC24B94E9500822DE7 /* Udder.app */,
				38B1ACF224B94E9800822DE7 /* UdderTests.xctest */,
				38B1ACFD24B94E9800822DE7 /* UdderUITests.xctest */,
			);
			name = Products;
			sourceTree = "<group>";
		};
		38B1ACDE24B94E9500822DE7 /* Udder */ = {
			isa = PBXGroup;
			children = (
				38B1ACDF24B94E9500822DE7 /* AppDelegate.swift */,
				38B1ACE124B94E9500822DE7 /* SceneDelegate.swift */,
				38B1ACE324B94E9500822DE7 /* ViewController.swift */,
				38B1ACE524B94E9500822DE7 /* Main.storyboard */,
				38B1ACE824B94E9800822DE7 /* Assets.xcassets */,
				38B1ACEA24B94E9800822DE7 /* LaunchScreen.storyboard */,
				38B1ACED24B94E9800822DE7 /* Info.plist */,
			);
			path = Udder;
			sourceTree = "<group>";
		};
		38B1ACF524B94E9800822DE7 /* UdderTests */ = {
			isa = PBXGroup;
			children = (
				38B1ACF624B94E9800822DE7 /* UdderTests.swift */,
				38B1ACF824B94E9800822DE7 /* Info.plist */,
			);
			path = UdderTests;
			sourceTree = "<group>";
		};
		38B1AD0024B94E9800822DE7 /* UdderUITests */ = {
			isa = PBXGroup;
			children = (
				38B1AD0124B94E9800822DE7 /* UdderUITests.swift */,
				38B1AD0324B94E9800822DE7 /* Info.plist */,
			);
			path = UdderUITests;
			sourceTree = "<group>";
		};
/* End PBXGroup section */

/* Begin PBXNativeTarget section */
		38B1ACDB24B94E9500822DE7 /* Udder */ = {
			isa = PBXNativeTarget;
			buildConfigurationList = 38B1AD0624B94E9800822DE7 /* Build configuration list for PBXNativeTarget "Udder" */;
			buildPhases = (
				38B1ACD824B94E9500822DE7 /* Sources */,
				38B1ACD924B94E9500822DE7 /* Frameworks */,
				38B1ACDA24B94E9500822DE7 /* Resources */,
			);
			buildRules = (
			);
			dependencies = (
			);
			name = Udder;
			productName = Udder;
			productReference = 38B1ACDC24B94E9500822DE7 /* Udder.app */;
			productType = "com.apple.product-type.application";
		};
		38B1ACF124B94E9800822DE7 /* UdderTests */ = {
			isa = PBXNativeTarget;
			buildConfigurationList = 38B1AD0924B94E9800822DE7 /* Build configuration list for PBXNativeTarget "UdderTests" */;
			buildPhases = (
				38B1ACEE24B94E9800822DE7 /* Sources */,
				38B1ACEF24B94E9800822DE7 /* Frameworks */,
				38B1ACF024B94E9800822DE7 /* Resources */,
			);
			buildRules = (
			);
			dependencies = (
				38B1ACF424B94E9800822DE7 /* PBXTargetDependency */,
			);
			name = UdderTests;
			productName = UdderTests;
			productReference = 38B1ACF224B94E9800822DE7 /* UdderTests.xctest */;
			productType = "com.apple.product-type.bundle.unit-test";
		};
		38B1ACFC24B94E9800822DE7 /* UdderUITests */ = {
			isa = PBXNativeTarget;
			buildConfigurationList = 38B1AD0C24B94E9800822DE7 /* Build configuration list for PBXNativeTarget "UdderUITests" */;
			buildPhases = (
				38B1ACF924B94E9800822DE7 /* Sources */,
				38B1ACFA24B94E9800822DE7 /* Frameworks */,
				38B1ACFB24B94E9800822DE7 /* Resources */,
			);
			buildRules = (
			);
			dependencies = (
				38B1ACFF24B94E9800822DE7 /* PBXTargetDependency */,
			);
			name = UdderUITests;
			productName = UdderUITests;
			productReference = 38B1ACFD24B94E9800822DE7 /* UdderUITests.xctest */;
			productType = "com.apple.product-type.bundle.ui-testing";
		};
/* End PBXNativeTarget section */

/* Begin PBXProject section */
		38B1ACD424B94E9500822DE7 /* Project object */ = {
			isa = PBXProject;
			attributes = {
				LastSwiftUpdateCheck = 1150;
				LastUpgradeCheck = 1150;
				ORGANIZATIONNAME = Jim;
				TargetAttributes = {
					38B1ACDB24B94E9500822DE7 = {
						CreatedOnToolsVersion = 11.5;
					};
					38B1ACF124B94E9800822DE7 = {
						CreatedOnToolsVersion = 11.5;
						TestTargetID = 38B1ACDB24B94E9500822DE7;
					};
					38B1ACFC24B94E9800822DE7 = {
						CreatedOnToolsVersion = 11.5;
						TestTargetID = 38B1ACDB24B94E9500822DE7;
					};
				};
			};
			buildConfigurationList = 38B1ACD724B94E9500822DE7 /* Build configuration list for PBXProject "Udder" */;
			compatibilityVersion = "Xcode 9.3";
			developmentRegion = en;
			hasScannedForEncodings = 0;
			knownRegions = (
				en,
				Base,
			);
			mainGroup = 38B1ACD324B94E9500822DE7;
			productRefGroup = 38B1ACDD24B94E9500822DE7 /* Products */;
			projectDirPath = "";
			projectRoot = "";
			targets = (
				38B1ACDB24B94E9500822DE7 /* Udder */,
				38B1ACF124B94E9800822DE7 /* UdderTests */,
				38B1ACFC24B94E9800822DE7 /* UdderUITests */,
			);
		};
/* End PBXProject section */

/* Begin PBXResourcesBuildPhase section */
		38B1ACDA24B94E9500822DE7 /* Resources */ = {
			isa = PBXResourcesBuildPhase;
			buildActionMask = 2147483647;
			files = (
				38B1ACEC24B94E9800822DE7 /* LaunchScreen.storyboard in Resources */,
				38B1ACE924B94E9800822DE7 /* Assets.xcassets in Resources */,
				38B1ACE724B94E9500822DE7 /* Main.storyboard in Resources */,
			);
			runOnlyForDeploymentPostprocessing = 0;
		};
		38B1ACF024B94E9800822DE7 /* Resources */ = {
			isa = PBXResourcesBuildPhase;
			buildActionMask = 2147483647;
			files = (
			);
			runOnlyForDeploymentPostprocessing = 0;
		};
		38B1ACFB24B94E9800822DE7 /* Resources */ = {
			isa = PBXResourcesBuildPhase;
			buildActionMask = 2147483647;
			files = (
			);
			runOnlyForDeploymentPostprocessing = 0;
		};
/* End PBXResourcesBuildPhase section */

/* Begin PBXSourcesBuildPhase section */
		38B1ACD824B94E9500822DE7 /* Sources */ = {
			isa = PBXSourcesBuildPhase;
			buildActionMask = 2147483647;
			files = (
				38B1ACE424B94E9500822DE7 /* ViewController.swift in Sources */,
				38B1ACE024B94E9500822DE7 /* AppDelegate.swift in Sources */,
				38B1ACE224B94E9500822DE7 /* SceneDelegate.swift in Sources */,
			);
			runOnlyForDeploymentPostprocessing = 0;
		};
		38B1ACEE24B94E9800822DE7 /* Sources */ = {
			isa = PBXSourcesBuildPhase;
			buildActionMask = 2147483647;
			files = (
				38B1ACF724B94E9800822DE7 /* UdderTests.swift in Sources */,
			);
			runOnlyForDeploymentPostprocessing = 0;
		};
		38B1ACF924B94E9800822DE7 /* Sources */ = {
			isa = PBXSourcesBuildPhase;
			buildActionMask = 2147483647;
			files = (
				38B1AD0224B94E9800822DE7 /* UdderUITests.swift in Sources */,
			);
			runOnlyForDeploymentPostprocessing = 0;
		};
/* End PBXSourcesBuildPhase section */

/* Begin PBXTargetDependency section */
		38B1ACF424B94E9800822DE7 /* PBXTargetDependency */ = {
			isa = PBXTargetDependency;
			target = 38B1ACDB24B94E9500822DE7 /* Udder */;
			targetProxy = 38B1ACF324B94E9800822DE7 /* PBXContainerItemProxy */;
		};
		38B1ACFF24B94E9800822DE7 /* PBXTargetDependency */ = {
			isa = PBXTargetDependency;
			target = 38B1ACDB24B94E9500822DE7 /* Udder */;
			targetProxy = 38B1ACFE24B94E9800822DE7 /* PBXContainerItemProxy */;
		};
/* End PBXTargetDependency section */

/* Begin PBXVariantGroup section */
		38B1ACE524B94E9500822DE7 /* Main.storyboard */ = {
			isa = PBXVariantGroup;
			children = (
				38B1ACE624B94E9500822DE7 /* Base */,
			);
			name = Main.storyboard;
			sourceTree = "<group>";
		};
		38B1ACEA24B94E9800822DE7 /* LaunchScreen.storyboard */ = {
			isa = PBXVariantGroup;
			children = (
				38B1ACEB24B94E9800822DE7 /* Base */,
			);
			name = LaunchScreen.storyboard;
			sourceTree = "<group>";
		};
/* End PBXVariantGroup section */

/* Begin XCBuildConfiguration section */
		38B1AD0424B94E9800822DE7 /* Debug */ = {
			isa = XCBuildConfiguration;
			buildSettings = {
				ALWAYS_SEARCH_USER_PATHS = NO;
				CLANG_ANALYZER_NONNULL = YES;
				CLANG_ANALYZER_NUMBER_OBJECT_CONVERSION = YES_AGGRESSIVE;
				CLANG_CXX_LANGUAGE_STANDARD = "gnu++14";
				CLANG_CXX_LIBRARY = "libc++";
				CLANG_ENABLE_MODULES = YES;
				CLANG_ENABLE_OBJC_ARC = YES;
				CLANG_ENABLE_OBJC_WEAK = YES;
				CLANG_WARN_BLOCK_CAPTURE_AUTORELEASING = YES;
				CLANG_WARN_BOOL_CONVERSION = YES;
				CLANG_WARN_COMMA = YES;
				CLANG_WARN_CONSTANT_CONVERSION = YES;
				CLANG_WARN_DEPRECATED_OBJC_IMPLEMENTATIONS = YES;
				CLANG_WARN_DIRECT_OBJC_ISA_USAGE = YES_ERROR;
				CLANG_WARN_DOCUMENTATION_COMMENTS = YES;
				CLANG_WARN_EMPTY_BODY = YES;
				CLANG_WARN_ENUM_CONVERSION = YES;
				CLANG_WARN_INFINITE_RECURSION = YES;
				CLANG_WARN_INT_CONVERSION = YES;
				CLANG_WARN_NON_LITERAL_NULL_CONVERSION = YES;
				CLANG_WARN_OBJC_IMPLICIT_RETAIN_SELF = YES;
				CLANG_WARN_OBJC_LITERAL_CONVERSION = YES;
				CLANG_WARN_OBJC_ROOT_CLASS = YES_ERROR;
				CLANG_WARN_RANGE_LOOP_ANALYSIS = YES;
				CLANG_WARN_STRICT_PROTOTYPES = YES;
				CLANG_WARN_SUSPICIOUS_MOVE = YES;
				CLANG_WARN_UNGUARDED_AVAILABILITY = YES_AGGRESSIVE;
				CLANG_WARN_UNREACHABLE_CODE = YES;
				CLANG_WARN__DUPLICATE_METHOD_MATCH = YES;
				COPY_PHASE_STRIP = NO;
				DEBUG_INFORMATION_FORMAT = dwarf;
				ENABLE_STRICT_OBJC_MSGSEND = YES;
				ENABLE_TESTABILITY = YES;
				GCC_C_LANGUAGE_STANDARD = gnu11;
				GCC_DYNAMIC_NO_PIC = NO;
				GCC_NO_COMMON_BLOCKS = YES;
				GCC_OPTIMIZATION_LEVEL = 0;
				GCC_PREPROCESSOR_DEFINITIONS = (
					"DEBUG=1",
					"$(inherited)",
				);
				GCC_WARN_64_TO_32_BIT_CONVERSION = YES;
				GCC_WARN_ABOUT_RETURN_TYPE = YES_ERROR;
				GCC_WARN_UNDECLARED_SELECTOR = YES;
				GCC_WARN_UNINITIALIZED_AUTOS = YES_AGGRESSIVE;
				GCC_WARN_UNUSED_FUNCTION = YES;
				GCC_WARN_UNUSED_VARIABLE = YES;
				IPHONEOS_DEPLOYMENT_TARGET = 13.5;
				MTL_ENABLE_DEBUG_INFO = INCLUDE_SOURCE;
				MTL_FAST_MATH = YES;
				ONLY_ACTIVE_ARCH = YES;
				SDKROOT = iphoneos;
				SWIFT_ACTIVE_COMPILATION_CONDITIONS = DEBUG;
				SWIFT_OPTIMIZATION_LEVEL = "-Onone";
			};
			name = Debug;
		};
		38B1AD0524B94E9800822DE7 /* Release */ = {
			isa = XCBuildConfiguration;
			buildSettings = {
				ALWAYS_SEARCH_USER_PATHS = NO;
				CLANG_ANALYZER_NONNULL = YES;
				CLANG_ANALYZER_NUMBER_OBJECT_CONVERSION = YES_AGGRESSIVE;
				CLANG_CXX_LANGUAGE_STANDARD = "gnu++14";
				CLANG_CXX_LIBRARY = "libc++";
				CLANG_ENABLE_MODULES = YES;
				CLANG_ENABLE_OBJC_ARC = YES;
				CLANG_ENABLE_OBJC_WEAK = YES;
				CLANG_WARN_BLOCK_CAPTURE_AUTORELEASING = YES;
				CLANG_WARN_BOOL_CONVERSION = YES;
				CLANG_WARN_COMMA = YES;
				CLANG_WARN_CONSTANT_CONVERSION = YES;
				CLANG_WARN_DEPRECATED_OBJC_IMPLEMENTATIONS = YES;
				CLANG_WARN_DIRECT_OBJC_ISA_USAGE = YES_ERROR;
				CLANG_WARN_DOCUMENTATION_COMMENTS = YES;
				CLANG_WARN_EMPTY_BODY = YES;
				CLANG_WARN_ENUM_CONVERSION = YES;
				CLANG_WARN_INFINITE_RECURSION = YES;
				CLANG_WARN_INT_CONVERSION = YES;
				CLANG_WARN_NON_LITERAL_NULL_CONVERSION = YES;
				CLANG_WARN_OBJC_IMPLICIT_RETAIN_SELF = YES;
				CLANG_WARN_OBJC_LITERAL_CONVERSION = YES;
				CLANG_WARN_OBJC_ROOT_CLASS = YES_ERROR;
				CLANG_WARN_RANGE_LOOP_ANALYSIS = YES;
				CLANG_WARN_STRICT_PROTOTYPES = YES;
				CLANG_WARN_SUSPICIOUS_MOVE = YES;
				CLANG_WARN_UNGUARDED_AVAILABILITY = YES_AGGRESSIVE;
				CLANG_WARN_UNREACHABLE_CODE = YES;
				CLANG_WARN__DUPLICATE_METHOD_MATCH = YES;
				COPY_PHASE_STRIP = NO;
				DEBUG_INFORMATION_FORMAT = "dwarf-with-dsym";
				ENABLE_NS_ASSERTIONS = NO;
				ENABLE_STRICT_OBJC_MSGSEND = YES;
				GCC_C_LANGUAGE_STANDARD = gnu11;
				GCC_NO_COMMON_BLOCKS = YES;
				GCC_WARN_64_TO_32_BIT_CONVERSION = YES;
				GCC_WARN_ABOUT_RETURN_TYPE = YES_ERROR;
				GCC_WARN_UNDECLARED_SELECTOR = YES;
				GCC_WARN_UNINITIALIZED_AUTOS = YES_AGGRESSIVE;
				GCC_WARN_UNUSED_FUNCTION = YES;
				GCC_WARN_UNUSED_VARIABLE = YES;
				IPHONEOS_DEPLOYMENT_TARGET = 13.5;
				MTL_ENABLE_DEBUG_INFO = NO;
				MTL_FAST_MATH = YES;
				SDKROOT = iphoneos;
				SWIFT_COMPILATION_MODE = wholemodule;
				SWIFT_OPTIMIZATION_LEVEL = "-O";
				VALIDATE_PRODUCT = YES;
			};
			name = Release;
		};
		38B1AD0724B94E9800822DE7 /* Debug */ = {
			isa = XCBuildConfiguration;
			buildSettings = {
				ASSETCATALOG_COMPILER_APPICON_NAME = AppIcon;
				CODE_SIGN_STYLE = Automatic;
				DEVELOPMENT_TEAM = U6W42FT4SF;
				INFOPLIST_FILE = Udder/Info.plist;
				LD_RUNPATH_SEARCH_PATHS = (
					"$(inherited)",
					"@executable_path/Frameworks",
				);
				PRODUCT_BUNDLE_IDENTIFIER = io.jimshumway.Udder;
				PRODUCT_NAME = "$(TARGET_NAME)";
				SWIFT_VERSION = 5.0;
				TARGETED_DEVICE_FAMILY = "1,2";
			};
			name = Debug;
		};
		38B1AD0824B94E9800822DE7 /* Release */ = {
			isa = XCBuildConfiguration;
			buildSettings = {
				ASSETCATALOG_COMPILER_APPICON_NAME = AppIcon;
				CODE_SIGN_STYLE = Automatic;
				DEVELOPMENT_TEAM = U6W42FT4SF;
				INFOPLIST_FILE = Udder/Info.plist;
				LD_RUNPATH_SEARCH_PATHS = (
					"$(inherited)",
					"@executable_path/Frameworks",
				);
				PRODUCT_BUNDLE_IDENTIFIER = io.jimshumway.Udder;
				PRODUCT_NAME = "$(TARGET_NAME)";
				SWIFT_VERSION = 5.0;
				TARGETED_DEVICE_FAMILY = "1,2";
			};
			name = Release;
		};
		38B1AD0A24B94E9800822DE7 /* Debug */ = {
			isa = XCBuildConfiguration;
			buildSettings = {
				ALWAYS_EMBED_SWIFT_STANDARD_LIBRARIES = YES;
				BUNDLE_LOADER = "$(TEST_HOST)";
				CODE_SIGN_STYLE = Automatic;
				DEVELOPMENT_TEAM = U6W42FT4SF;
				INFOPLIST_FILE = UdderTests/Info.plist;
				IPHONEOS_DEPLOYMENT_TARGET = 13.5;
				LD_RUNPATH_SEARCH_PATHS = (
					"$(inherited)",
					"@executable_path/Frameworks",
					"@loader_path/Frameworks",
				);
				PRODUCT_BUNDLE_IDENTIFIER = io.jimshumway.UdderTests;
				PRODUCT_NAME = "$(TARGET_NAME)";
				SWIFT_VERSION = 5.0;
				TARGETED_DEVICE_FAMILY = "1,2";
				TEST_HOST = "$(BUILT_PRODUCTS_DIR)/Udder.app/Udder";
			};
			name = Debug;
		};
		38B1AD0B24B94E9800822DE7 /* Release */ = {
			isa = XCBuildConfiguration;
			buildSettings = {
				ALWAYS_EMBED_SWIFT_STANDARD_LIBRARIES = YES;
				BUNDLE_LOADER = "$(TEST_HOST)";
				CODE_SIGN_STYLE = Automatic;
				DEVELOPMENT_TEAM = U6W42FT4SF;
				INFOPLIST_FILE = UdderTests/Info.plist;
				IPHONEOS_DEPLOYMENT_TARGET = 13.5;
				LD_RUNPATH_SEARCH_PATHS = (
					"$(inherited)",
					"@executable_path/Frameworks",
					"@loader_path/Frameworks",
				);
				PRODUCT_BUNDLE_IDENTIFIER = io.jimshumway.UdderTests;
				PRODUCT_NAME = "$(TARGET_NAME)";
				SWIFT_VERSION = 5.0;
				TARGETED_DEVICE_FAMILY = "1,2";
				TEST_HOST = "$(BUILT_PRODUCTS_DIR)/Udder.app/Udder";
			};
			name = Release;
		};
		38B1AD0D24B94E9800822DE7 /* Debug */ = {
			isa = XCBuildConfiguration;
			buildSettings = {
				ALWAYS_EMBED_SWIFT_STANDARD_LIBRARIES = YES;
				CODE_SIGN_STYLE = Automatic;
				DEVELOPMENT_TEAM = U6W42FT4SF;
				INFOPLIST_FILE = UdderUITests/Info.plist;
				LD_RUNPATH_SEARCH_PATHS = (
					"$(inherited)",
					"@executable_path/Frameworks",
					"@loader_path/Frameworks",
				);
				PRODUCT_BUNDLE_IDENTIFIER = io.jimshumway.UdderUITests;
				PRODUCT_NAME = "$(TARGET_NAME)";
				SWIFT_VERSION = 5.0;
				TARGETED_DEVICE_FAMILY = "1,2";
				TEST_TARGET_NAME = Udder;
			};
			name = Debug;
		};
		38B1AD0E24B94E9800822DE7 /* Release */ = {
			isa = XCBuildConfiguration;
			buildSettings = {
				ALWAYS_EMBED_SWIFT_STANDARD_LIBRARIES = YES;
				CODE_SIGN_STYLE = Automatic;
				DEVELOPMENT_TEAM = U6W42FT4SF;
				INFOPLIST_FILE = UdderUITests/Info.plist;
				LD_RUNPATH_SEARCH_PATHS = (
					"$(inherited)",
					"@executable_path/Frameworks",
					"@loader_path/Frameworks",
				);
				PRODUCT_BUNDLE_IDENTIFIER = io.jimshumway.UdderUITests;
				PRODUCT_NAME = "$(TARGET_NAME)";
				SWIFT_VERSION = 5.0;
				TARGETED_DEVICE_FAMILY = "1,2";
				TEST_TARGET_NAME = Udder;
			};
			name = Release;
		};
/* End XCBuildConfiguration section */

/* Begin XCConfigurationList section */
		38B1ACD724B94E9500822DE7 /* Build configuration list for PBXProject "Udder" */ = {
			isa = XCConfigurationList;
			buildConfigurations = (
				38B1AD0424B94E9800822DE7 /* Debug */,
				38B1AD0524B94E9800822DE7 /* Release */,
			);
			defaultConfigurationIsVisible = 0;
			defaultConfigurationName = Release;
		};
		38B1AD0624B94E9800822DE7 /* Build configuration list for PBXNativeTarget "Udder" */ = {
			isa = XCConfigurationList;
			buildConfigurations = (
				38B1AD0724B94E9800822DE7 /* Debug */,
				38B1AD0824B94E9800822DE7 /* Release */,
			);
			defaultConfigurationIsVisible = 0;
			defaultConfigurationName = Release;
		};
		38B1AD0924B94E9800822DE7 /* Build configuration list for PBXNativeTarget "UdderTests" */ = {
			isa = XCConfigurationList;
			buildConfigurations = (
				38B1AD0A24B94E9800822DE7 /* Debug */,
				38B1AD0B24B94E9800822DE7 /* Release */,
			);
			defaultConfigurationIsVisible = 0;
			defaultConfigurationName = Release;
		};
		38B1AD0C24B94E9800822DE7 /* Build configuration list for PBXNativeTarget "UdderUITests" */ = {
			isa = XCConfigurationList;
			buildConfigurations = (
				38B1AD0D24B94E9800822DE7 /* Debug */,
				38B1AD0E24B94E9800822DE7 /* Release */,
			);
			defaultConfigurationIsVisible = 0;
			defaultConfigurationName = Release;
		};
/* End XCConfigurationList section */
	};
	rootObject = 38B1ACD424B94E9500822DE7 /* Project object */;
}
